// !$*UTF8*$!
{
	archiveVersion = 1;
	classes = {
	};
	objectVersion = 46;
	objects = {

/* Begin PBXBuildFile section */
		E44359E81E620EC400613B9D /* AppDelegate.swift in Sources */ = {isa = PBXBuildFile; fileRef = E44359E71E620EC400613B9D /* AppDelegate.swift */; };
		E44359EA1E620EC400613B9D /* ViewController.swift in Sources */ = {isa = PBXBuildFile; fileRef = E44359E91E620EC400613B9D /* ViewController.swift */; };
		E44359ED1E620EC400613B9D /* Main.storyboard in Resources */ = {isa = PBXBuildFile; fileRef = E44359EB1E620EC400613B9D /* Main.storyboard */; };
		E44359EF1E620EC400613B9D /* Assets.xcassets in Resources */ = {isa = PBXBuildFile; fileRef = E44359EE1E620EC400613B9D /* Assets.xcassets */; };
		E44359F21E620EC400613B9D /* LaunchScreen.storyboard in Resources */ = {isa = PBXBuildFile; fileRef = E44359F01E620EC400613B9D /* LaunchScreen.storyboard */; };
/* End PBXBuildFile section */

/* Begin PBXFileReference section */
		E44359E41E620EC400613B9D /* twitter_feed_pusher.app */ = {isa = PBXFileReference; explicitFileType = wrapper.application; includeInIndex = 0; path = twitter_feed_pusher.app; sourceTree = BUILT_PRODUCTS_DIR; };
		E44359E71E620EC400613B9D /* AppDelegate.swift */ = {isa = PBXFileReference; lastKnownFileType = sourcecode.swift; path = AppDelegate.swift; sourceTree = "<group>"; };
		E44359E91E620EC400613B9D /* ViewController.swift */ = {isa = PBXFileReference; lastKnownFileType = sourcecode.swift; path = ViewController.swift; sourceTree = "<group>"; };
		E44359EC1E620EC400613B9D /* Base */ = {isa = PBXFileReference; lastKnownFileType = file.storyboard; name = Base; path = Base.lproj/Main.storyboard; sourceTree = "<group>"; };
		E44359EE1E620EC400613B9D /* Assets.xcassets */ = {isa = PBXFileReference; lastKnownFileType = folder.assetcatalog; path = Assets.xcassets; sourceTree = "<group>"; };
		E44359F11E620EC400613B9D /* Base */ = {isa = PBXFileReference; lastKnownFileType = file.storyboard; name = Base; path = Base.lproj/LaunchScreen.storyboard; sourceTree = "<group>"; };
		E44359F31E620EC400613B9D /* Info.plist */ = {isa = PBXFileReference; lastKnownFileType = text.plist.xml; path = Info.plist; sourceTree = "<group>"; };
/* End PBXFileReference section */

/* Begin PBXFrameworksBuildPhase section */
		E44359E11E620EC300613B9D /* Frameworks */ = {
			isa = PBXFrameworksBuildPhase;
			buildActionMask = 2147483647;
			files = (
			);
			runOnlyForDeploymentPostprocessing = 0;
		};
/* End PBXFrameworksBuildPhase section */

/* Begin PBXGroup section */
		E44359DB1E620EC300613B9D = {
			isa = PBXGroup;
			children = (
				E44359E61E620EC400613B9D /* twitter_feed_pusher */,
				E44359E51E620EC400613B9D /* Products */,
			);
			sourceTree = "<group>";
		};
		E44359E51E620EC400613B9D /* Products */ = {
			isa = PBXGroup;
			children = (
				E44359E41E620EC400613B9D /* twitter_feed_pusher.app */,
			);
			name = Products;
			sourceTree = "<group>";
		};
		E44359E61E620EC400613B9D /* twitter_feed_pusher */ = {
			isa = PBXGroup;
			children = (
				E44359E71E620EC400613B9D /* AppDelegate.swift */,
				E44359E91E620EC400613B9D /* ViewController.swift */,
				E44359EB1E620EC400613B9D /* Main.storyboard */,
				E44359EE1E620EC400613B9D /* Assets.xcassets */,
				E44359F01E620EC400613B9D /* LaunchScreen.storyboard */,
				E44359F31E620EC400613B9D /* Info.plist */,
			);
			path = twitter_feed_pusher;
			sourceTree = "<group>";
		};
/* End PBXGroup section */

/* Begin PBXNativeTarget section */
		E44359E31E620EC300613B9D /* twitter_feed_pusher */ = {
			isa = PBXNativeTarget;
			buildConfigurationList = E44359F61E620EC400613B9D /* Build configuration list for PBXNativeTarget "twitter_feed_pusher" */;
			buildPhases = (
				E44359E01E620EC300613B9D /* Sources */,
				E44359E11E620EC300613B9D /* Frameworks */,
				E44359E21E620EC300613B9D /* Resources */,
			);
			buildRules = (
			);
			dependencies = (
			);
			name = twitter_feed_pusher;
			productName = twitter_feed_pusher;
			productReference = E44359E41E620EC400613B9D /* twitter_feed_pusher.app */;
			productType = "com.apple.product-type.application";
		};
/* End PBXNativeTarget section */

/* Begin PBXProject section */
		E44359DC1E620EC300613B9D /* Project object */ = {
			isa = PBXProject;
			attributes = {
				LastSwiftUpdateCheck = 0820;
				LastUpgradeCheck = 0820;
				ORGANIZATIONNAME = "Esteban Herrera";
				TargetAttributes = {
					E44359E31E620EC300613B9D = {
						CreatedOnToolsVersion = 8.2.1;
						ProvisioningStyle = Automatic;
					};
				};
			};
			buildConfigurationList = E44359DF1E620EC300613B9D /* Build configuration list for PBXProject "twitter_feed_pusher" */;
			compatibilityVersion = "Xcode 3.2";
			developmentRegion = English;
			hasScannedForEncodings = 0;
			knownRegions = (
				en,
				Base,
			);
			mainGroup = E44359DB1E620EC300613B9D;
			productRefGroup = E44359E51E620EC400613B9D /* Products */;
			projectDirPath = "";
			projectRoot = "";
			targets = (
				E44359E31E620EC300613B9D /* twitter_feed_pusher */,
			);
		};
/* End PBXProject section */

/* Begin PBXResourcesBuildPhase section */
		E44359E21E620EC300613B9D /* Resources */ = {
			isa = PBXResourcesBuildPhase;
			buildActionMask = 2147483647;
			files = (
				E44359F21E620EC400613B9D /* LaunchScreen.storyboard in Resources */,
				E44359EF1E620EC400613B9D /* Assets.xcassets in Resources */,
				E44359ED1E620EC400613B9D /* Main.storyboard in Resources */,
			);
			runOnlyForDeploymentPostprocessing = 0;
		};
/* End PBXResourcesBuildPhase section */

/* Begin PBXSourcesBuildPhase section */
		E44359E01E620EC300613B9D /* Sources */ = {
			isa = PBXSourcesBuildPhase;
			buildActionMask = 2147483647;
			files = (
				E44359EA1E620EC400613B9D /* ViewController.swift in Sources */,
				E44359E81E620EC400613B9D /* AppDelegate.swift in Sources */,
			);
			runOnlyForDeploymentPostprocessing = 0;
		};
/* End PBXSourcesBuildPhase section */

/* Begin PBXVariantGroup section */
		E44359EB1E620EC400613B9D /* Main.storyboard */ = {
			isa = PBXVariantGroup;
			children = (
				E44359EC1E620EC400613B9D /* Base */,
			);
			name = Main.storyboard;
			sourceTree = "<group>";
		};
		E44359F01E620EC400613B9D /* LaunchScreen.storyboard */ = {
			isa = PBXVariantGroup;
			children = (
				E44359F11E620EC400613B9D /* Base */,
			);
			name = LaunchScreen.storyboard;
			sourceTree = "<group>";
		};
/* End PBXVariantGroup section */

/* Begin XCBuildConfiguration section */
		E44359F41E620EC400613B9D /* Debug */ = {
			isa = XCBuildConfiguration;
			buildSettings = {
				ALWAYS_SEARCH_USER_PATHS = NO;
				CLANG_ANALYZER_NONNULL = YES;
				CLANG_CXX_LANGUAGE_STANDARD = "gnu++0x";
				CLANG_CXX_LIBRARY = "libc++";
				CLANG_ENABLE_MODULES = YES;
				CLANG_ENABLE_OBJC_ARC = YES;
				CLANG_WARN_BOOL_CONVERSION = YES;
				CLANG_WARN_CONSTANT_CONVERSION = YES;
				CLANG_WARN_DIRECT_OBJC_ISA_USAGE = YES_ERROR;
				CLANG_WARN_DOCUMENTATION_COMMENTS = YES;
				CLANG_WARN_EMPTY_BODY = YES;
				CLANG_WARN_ENUM_CONVERSION = YES;
				CLANG_WARN_INFINITE_RECURSION = YES;
				CLANG_WARN_INT_CONVERSION = YES;
				CLANG_WARN_OBJC_ROOT_CLASS = YES_ERROR;
				CLANG_WARN_SUSPICIOUS_MOVE = YES;
				CLANG_WARN_UNREACHABLE_CODE = YES;
				CLANG_WARN__DUPLICATE_METHOD_MATCH = YES;
				"CODE_SIGN_IDENTITY[sdk=iphoneos*]" = "iPhone Developer";
				COPY_PHASE_STRIP = NO;
				DEBUG_INFORMATION_FORMAT = dwarf;
				ENABLE_STRICT_OBJC_MSGSEND = YES;
				ENABLE_TESTABILITY = YES;
				GCC_C_LANGUAGE_STANDARD = gnu99;
				GCC_DYNAMIC_NO_PIC = NO;
				GCC_NO_COMMON_BLOCKS = YES;
				GCC_OPTIMIZATION_LEVEL = 0;
				GCC_PREPROCESSOR_DEFINITIONS = (
					"DEBUG=1",
					"$(inherited)",
				);
				GCC_WARN_64_TO_32_BIT_CONVERSION = YES;
				GCC_WARN_ABOUT_RETURN_TYPE = YES_ERROR;
				GCC_WARN_UNDECLARED_SELECTOR = YES;
				GCC_WARN_UNINITIALIZED_AUTOS = YES_AGGRESSIVE;
				GCC_WARN_UNUSED_FUNCTION = YES;
				GCC_WARN_UNUSED_VARIABLE = YES;
				IPHONEOS_DEPLOYMENT_TARGET = 10.2;
				MTL_ENABLE_DEBUG_INFO = YES;
				ONLY_ACTIVE_ARCH = YES;
				SDKROOT = iphoneos;
				SWIFT_ACTIVE_COMPILATION_CONDITIONS = DEBUG;
				SWIFT_OPTIMIZATION_LEVEL = "-Onone";
				TARGETED_DEVICE_FAMILY = "1,2";
			};
			name = Debug;
		};
		E44359F51E620EC400613B9D /* Release */ = {
			isa = XCBuildConfiguration;
			buildSettings = {
				ALWAYS_SEARCH_USER_PATHS = NO;
				CLANG_ANALYZER_NONNULL = YES;
				CLANG_CXX_LANGUAGE_STANDARD = "gnu++0x";
				CLANG_CXX_LIBRARY = "libc++";
				CLANG_ENABLE_MODULES = YES;
				CLANG_ENABLE_OBJC_ARC = YES;
				CLANG_WARN_BOOL_CONVERSION = YES;
				CLANG_WARN_CONSTANT_CONVERSION = YES;
				CLANG_WARN_DIRECT_OBJC_ISA_USAGE = YES_ERROR;
				CLANG_WARN_DOCUMENTATION_COMMENTS = YES;
				CLANG_WARN_EMPTY_BODY = YES;
				CLANG_WARN_ENUM_CONVERSION = YES;
				CLANG_WARN_INFINITE_RECURSION = YES;
				CLANG_WARN_INT_CONVERSION = YES;
				CLANG_WARN_OBJC_ROOT_CLASS = YES_ERROR;
				CLANG_WARN_SUSPICIOUS_MOVE = YES;
				CLANG_WARN_UNREACHABLE_CODE = YES;
				CLANG_WARN__DUPLICATE_METHOD_MATCH = YES;
				"CODE_SIGN_IDENTITY[sdk=iphoneos*]" = "iPhone Developer";
				COPY_PHASE_STRIP = NO;
				DEBUG_INFORMATION_FORMAT = "dwarf-with-dsym";
				ENABLE_NS_ASSERTIONS = NO;
				ENABLE_STRICT_OBJC_MSGSEND = YES;
				GCC_C_LANGUAGE_STANDARD = gnu99;
				GCC_NO_COMMON_BLOCKS = YES;
				GCC_WARN_64_TO_32_BIT_CONVERSION = YES;
				GCC_WARN_ABOUT_RETURN_TYPE = YES_ERROR;
				GCC_WARN_UNDECLARED_SELECTOR = YES;
				GCC_WARN_UNINITIALIZED_AUTOS = YES_AGGRESSIVE;
				GCC_WARN_UNUSED_FUNCTION = YES;
				GCC_WARN_UNUSED_VARIABLE = YES;
				IPHONEOS_DEPLOYMENT_TARGET = 10.2;
				MTL_ENABLE_DEBUG_INFO = NO;
				SDKROOT = iphoneos;
				SWIFT_OPTIMIZATION_LEVEL = "-Owholemodule";
				TARGETED_DEVICE_FAMILY = "1,2";
				VALIDATE_PRODUCT = YES;
			};
			name = Release;
		};
		E44359F71E620EC400613B9D /* Debug */ = {
			isa = XCBuildConfiguration;
			buildSettings = {
				ASSETCATALOG_COMPILER_APPICON_NAME = AppIcon;
				INFOPLIST_FILE = twitter_feed_pusher/Info.plist;
				LD_RUNPATH_SEARCH_PATHS = "$(inherited) @executable_path/Frameworks";
				PRODUCT_BUNDLE_IDENTIFIER = "com.example.twitter-feed-pusher";
				PRODUCT_NAME = "$(TARGET_NAME)";
				SWIFT_VERSION = 3.0;
			};
			name = Debug;
		};
		E44359F81E620EC400613B9D /* Release */ = {
			isa = XCBuildConfiguration;
			buildSettings = {
				ASSETCATALOG_COMPILER_APPICON_NAME = AppIcon;
				INFOPLIST_FILE = twitter_feed_pusher/Info.plist;
				LD_RUNPATH_SEARCH_PATHS = "$(inherited) @executable_path/Frameworks";
				PRODUCT_BUNDLE_IDENTIFIER = "com.example.twitter-feed-pusher";
				PRODUCT_NAME = "$(TARGET_NAME)";
				SWIFT_VERSION = 3.0;
			};
			name = Release;
		};
/* End XCBuildConfiguration section */

/* Begin XCConfigurationList section */
		E44359DF1E620EC300613B9D /* Build configuration list for PBXProject "twitter_feed_pusher" */ = {
			isa = XCConfigurationList;
			buildConfigurations = (
				E44359F41E620EC400613B9D /* Debug */,
				E44359F51E620EC400613B9D /* Release */,
			);
			defaultConfigurationIsVisible = 0;
			defaultConfigurationName = Release;
		};
		E44359F61E620EC400613B9D /* Build configuration list for PBXNativeTarget "twitter_feed_pusher" */ = {
			isa = XCConfigurationList;
			buildConfigurations = (
				E44359F71E620EC400613B9D /* Debug */,
				E44359F81E620EC400613B9D /* Release */,
			);
			defaultConfigurationIsVisible = 0;
		};
/* End XCConfigurationList section */
	};
	rootObject = E44359DC1E620EC300613B9D /* Project object */;
}
